{
    "_meta": {
        "hash": {
            "sha256": "5b8f70eb3e7f8c10f195c46fe9cc4a1d301d3d058d157538042a3a3fa55fdd54"
        },
        "pipfile-spec": 6,
        "requires": {
            "python_version": "3.8"
        },
        "sources": [
            {
                "name": "pypi",
                "url": "https://pypi.org/simple",
                "verify_ssl": true
            }
        ]
    },
    "default": {
        "aws-lambda-powertools": {
            "hashes": [
                "sha256:3860609ad279f9c00c0300d8d724b82e0555638351938292629367b229f3550a",
                "sha256:dce14cb7aa7aaa34b790f7721ac2ef4525d684680b008bf8cb1b3e7a360ebfd0"
            ],
            "index": "pypi",
            "markers": "python_full_version >= '3.7.4' and python_full_version < '4.0.0'",
            "version": "==2.26.0"
        },
        "src": {
            "editable": true,
            "path": "./src"
        },
        "typing-extensions": {
            "hashes": [
                "sha256:8f92fc8806f9a6b641eaa5318da32b44d401efaac0f6678c9bc448ba3605faa0",
                "sha256:df8e4339e9cb77357558cbdbceca33c303714cf861d1eef15e1070055ae8b7ef"
            ],
            "markers": "python_version >= '3.8'",
            "version": "==4.8.0"
        }
    },
    "develop": {}
}
